{
  "lockfileVersion": 2,
  "configVersion": 0,
  "workspaces": {
    "": {
      "name": "scripts",
      "dependencies": {
        "oxc-parser": "0.151.0",
        "oxc-resolver": "11.24.2",
        "typescript": "6.0.2",
      },
      "devDependencies": {
        "@types/bun": "1.4.2",
      },
    },
  },
  "packages": {
    "@emnapi/core": ["@emnapi/core@1.11.2", "", { "dependencies": { "@emnapi/wasi-threads": "1.2.2", "tslib": "^2.4.0" } }, "sha512-TC8MkTuZUtcTSiFeuC0ksCh9QIJ5+F21MvZ4Wn4ORfYaFJ/0dsiudv5tVkejgwZlwQ39jL9WWDe2lz8x0WglOA=="],

    "@emnapi/runtime": ["@emnapi/runtime@1.11.2", "", { "dependencies": { "tslib": "^2.4.0" } }, "sha512-kyOl3X0DuTiT1h2ft8r2fYO8JYtU9a9Xis/zBSiGArNaagCOWx90N1k2wxp18czFDH+OgcWGb5ZP/XMt3dcyPA=="],

    "@emnapi/wasi-threads": ["@emnapi/wasi-threads@1.2.2", "", { "dependencies": { "tslib": "^2.4.0" } }, "sha512-c95qOXkHdydNKhscBTebqEC1CVAZpyqOfVfBzQ1qgzyl3gfeldUjIggDbIZgDKsHLgnsM+igH7TJ/eAasaVuMA=="],

    "@napi-rs/wasm-runtime": ["@napi-rs/wasm-runtime@1.2.4", "", { "dependencies": { "@tybys/wasm-util": "^0.10.3" }, "peerDependencies": { "@emnapi/core": "^1.7.1 || ^2.0.0-alpha.4", "@emnapi/runtime": "^1.7.1 || ^2.0.0-alpha.4" } }, "sha512-AJxoUD2/15ESHbvpcyjU274nsAPLuOtPHCk0vKJM5pj//Fg/B1FXNWjPnXTT9PymCYYiHo4zPj0ZomXBKhoy7g=="],

    "@oxc-parser/binding-android-arm-eabi": ["@oxc-parser/binding-android-arm-eabi@0.151.0", "", { "os": "android", "cpu": "arm" }, "sha512-QLfrdT2XmHMo8krBiKHtnTtU2ugxruwnIWMcIl5qpCRV9KPZk1s2YZzSHkIjzabLxG6/1yOoDLvqfS3TrJhfWA=="],

    "@oxc-parser/binding-android-arm64": ["@oxc-parser/binding-android-arm64@0.151.0", "", { "os": "android", "cpu": "arm64" }, "sha512-APzs9QxkLGR85I6Slb93Onsd+9ZdR+PdKIy0g8oOuipiBRtXbEE3PW1QpRn3O2C9dCsfAC8+t7dWGRyByiTqJQ=="],

    "@oxc-parser/binding-darwin-arm64": ["@oxc-parser/binding-darwin-arm64@0.151.0", "", { "os": "darwin", "cpu": "arm64" }, "sha512-uPj085g+2TcYKm4LrPOF6mU/ilb48ghAfLMA+YIxaSAasgDAXO0c5UMjRrB9L59A1aMU9fvPtCGoW9cov9UtFQ=="],

    "@oxc-parser/binding-darwin-x64": ["@oxc-parser/binding-darwin-x64@0.151.0", "", { "os": "darwin", "cpu": "x64" }, "sha512-gqOyGZsEX9r8i37ONL2X8heUKCbTAY3UvaWlEJKPJYdgaYoIAXSuZrG27legT+0e4m0X/53RupoH6lfbxtMiMw=="],

    "@oxc-parser/binding-freebsd-x64": ["@oxc-parser/binding-freebsd-x64@0.151.0", "", { "os": "freebsd", "cpu": "x64" }, "sha512-Uih9lYFoB9k87b8jZ2263b8/HC0AuCQo9qPfu14KjoDmC7AmGvo4pCLiuEVVHjQycUjTO2dNtG39MIGUuCOx3A=="],

    "@oxc-parser/binding-linux-arm-gnueabihf": ["@oxc-parser/binding-linux-arm-gnueabihf@0.151.0", "", { "os": "linux", "cpu": "arm" }, "sha512-BW9ryFV0V7h37xAEpb1rx+jI/ArFjXlSvJ2CaPwqxCj+kcJdDMvt5/PpWLRRk56UpNpxpq/5+puTUd0/4OPCZw=="],

    "@oxc-parser/binding-linux-arm-musleabihf": ["@oxc-parser/binding-linux-arm-musleabihf@0.151.0", "", { "os": "linux", "cpu": "arm" }, "sha512-68zJuPgiFpZ9FF5WgpJiE9cukBZVNv79Yod2VV/wJLaiws+abCEfcxwVEH0608a7E/0zOO1Pj2iY7UrnUS8ydg=="],

    "@oxc-parser/binding-linux-arm64-gnu": ["@oxc-parser/binding-linux-arm64-gnu@0.151.0", "", { "os": "linux", "cpu": "arm64" }, "sha512-s/CCfZQcqoRo4Ij7ML43Yhe+gJZU7zmudd6StA0T9WDFPLaiWMoBlPRmoS39jPpODxPwI/6yPoiyjKOMNzSqCg=="],

    "@oxc-parser/binding-linux-arm64-musl": ["@oxc-parser/binding-linux-arm64-musl@0.151.0", "", { "os": "linux", "cpu": "arm64" }, "sha512-QSjn7WWZNGDTRlMT0SUGDHZNI9XOhGXWdqhL/FuDR/nh0MOqGQT8OHGBy95mZHne4WvoS0OgnUl/+55u07yBiQ=="],

    "@oxc-parser/binding-linux-ppc64-gnu": ["@oxc-parser/binding-linux-ppc64-gnu@0.151.0", "", { "os": "linux", "cpu": "ppc64" }, "sha512-RnvhC+cOND1dsNqbsirtZa9IWVJCCnxIZxs7nAvW0ZFjqqofwKbR3+TNKPqx2eASRC6+b78rZMLiNbDeDUp8+w=="],

    "@oxc-parser/binding-linux-riscv64-gnu": ["@oxc-parser/binding-linux-riscv64-gnu@0.151.0", "", { "os": "linux", "cpu": "none" }, "sha512-fpwItfDNVDgXOMV6GdMHD3QV3NdYWhwDH0E8BRuYNeQyUKchb8sNLvAQg+g1HxENvrYjiLqLWAafOja44/sLig=="],

    "@oxc-parser/binding-linux-riscv64-musl": ["@oxc-parser/binding-linux-riscv64-musl@0.151.0", "", { "os": "linux", "cpu": "none" }, "sha512-fKchmw5aUlZem7uZZfxsQAl53cFiGWrAKhwjYxvJFiBPQyC9CZ2P7Qhv9unDJSezChu6iJ6XGQWQnRUyLp7j5g=="],

    "@oxc-parser/binding-linux-s390x-gnu": ["@oxc-parser/binding-linux-s390x-gnu@0.151.0", "", { "os": "linux", "cpu": "s390x" }, "sha512-vDtxikQV1AixMY5pFAW5tDtGHmoexjGpEgtmPBAF3tXvEubm9KucxV0CxtuAIGEZ1aGyvZ74Hfryb7Vvq52F3Q=="],

    "@oxc-parser/binding-linux-x64-gnu": ["@oxc-parser/binding-linux-x64-gnu@0.151.0", "", { "os": "linux", "cpu": "x64" }, "sha512-JHB/TuPCUdnkMq9RXB7C/SZuauJUp1EYHi5DaH7ge7uNlCY4AOhc0QeWOjo2rj308+NjxgTwminglWpqlllAig=="],

    "@oxc-parser/binding-linux-x64-musl": ["@oxc-parser/binding-linux-x64-musl@0.151.0", "", { "os": "linux", "cpu": "x64" }, "sha512-rkoZa4Wv5LbUHdCJ+3vC9G68r49gaoaQPg52Jx7+aC60q3QHIiysrDHQlQ3hiIevsmDl0RgzD+Y389q/hb34WA=="],

    "@oxc-parser/binding-openharmony-arm64": ["@oxc-parser/binding-openharmony-arm64@0.151.0", "", { "os": "none", "cpu": "arm64" }, "sha512-zp74XxS9WHSp6ct8LEoTa87F5pJOjFPG0o7dg2YCXaKo0raxabpFMC7NTbefIzWmF9KLIuJF/Rg6CPIu6P/Aaw=="],

    "@oxc-parser/binding-win32-arm64-msvc": ["@oxc-parser/binding-win32-arm64-msvc@0.151.0", "", { "os": "win32", "cpu": "arm64" }, "sha512-xtqapASyiSTv6rdm29kKFoDsxTo1oCmMfhPLGCDbZQ0Y6sU4m7IPEH05NgNEs2SrTErBuldkvS6e0Aqzmu0BgQ=="],

    "@oxc-parser/binding-win32-ia32-msvc": ["@oxc-parser/binding-win32-ia32-msvc@0.151.0", "", { "os": "win32", "cpu": "ia32" }, "sha512-9s4L40gxkolXQx1Q675XEZqgI4j+7+os4kZAFHdrDQVapjB9J2iodub7A8VAZ0cGTfhZNLH4D9L26fwEyqu3fg=="],

    "@oxc-parser/binding-win32-x64-msvc": ["@oxc-parser/binding-win32-x64-msvc@0.151.0", "", { "os": "win32", "cpu": "x64" }, "sha512-temy3DJf08taii88l13vfs5Om/HWECLSAj5Ca7ANMvocrekAgCuPC4GeHLi0mJ0cmGPznfeaaj80wqQoPIRYPA=="],

    "@oxc-project/types": ["@oxc-project/types@0.151.0", "", {}, "sha512-J1yXrIlNDZVzE3ada310xeAw7nH8yCAyLPuUIsjKatFPmfn5bS1oW+cM+QsGOtVWd5nhSpbwZWx/rue+r5Z+PA=="],

    "@oxc-resolver/binding-android-arm-eabi": ["@oxc-resolver/binding-android-arm-eabi@11.24.2", "", { "os": "android", "cpu": "arm" }, "sha512-y09e0L0SRI2OA2tUIrjBgoV3eH5hvUKXNkJqXmNo5V2WxIjyC7I7aJfRLMEVpA8yi95f90gFDvO0VMgrDw+vwA=="],

    "@oxc-resolver/binding-android-arm64": ["@oxc-resolver/binding-android-arm64@11.24.2", "", { "os": "android", "cpu": "arm64" }, "sha512-cl4icWaZFnLdg8m6qtnh5rBMuGbxc/ptStFHLeCNwr+2cZjkjNwQu/jYRS0CHlnPecOJMpuS5M6/BH+0J/YkEg=="],

    "@oxc-resolver/binding-darwin-arm64": ["@oxc-resolver/binding-darwin-arm64@11.24.2", "", { "os": "darwin", "cpu": "arm64" }, "sha512-At29QEMF6HajbQvgY8K6OXnHD1x9rad74xBEfmCB6ZqCGsdq75aK7tOYcTbOanMy8qdIBrfL3SMr3p/lfSlb9w=="],

    "@oxc-resolver/binding-darwin-x64": ["@oxc-resolver/binding-darwin-x64@11.24.2", "", { "os": "darwin", "cpu": "x64" }, "sha512-A5Kqr1EUj4oIL5CF4WRssq/o5P0Y11cwoFouMRmQ7YnC/A8V93nv1nb7aSU8HwcgmXropjLNkVTl4MN87cu28Q=="],

    "@oxc-resolver/binding-freebsd-x64": ["@oxc-resolver/binding-freebsd-x64@11.24.2", "", { "os": "freebsd", "cpu": "x64" }, "sha512-R5xkRBRRz7ceH/P5Jrc6G7FmdUdgpLYyESFAUDVTNQ9K0sGPxcp4ljiwEwEqsvNcQ4sYbMRrWcHHBCu7ksAJVw=="],

    "@oxc-resolver/binding-linux-arm-gnueabihf": ["@oxc-resolver/binding-linux-arm-gnueabihf@11.24.2", "", { "os": "linux", "cpu": "arm" }, "sha512-k/RuYL4L/R58IBn3wT5ma3Wh4k62bp1eYCFRWCmMsasUOqL+H6sW0VGFadEzKWXFFlz+2uIMoeMk9ySSZJHgbg=="],

    "@oxc-resolver/binding-linux-arm-musleabihf": ["@oxc-resolver/binding-linux-arm-musleabihf@11.24.2", "", { "os": "linux", "cpu": "arm" }, "sha512-bnHAak3ujYfH5pKk4NieFNbvYvernfoQDgwLddbZ3OtMYrem87/qjlA+u+aKG0oZcqSLGCful/6/CEA+aeAgaA=="],

    "@oxc-resolver/binding-linux-arm64-gnu": ["@oxc-resolver/binding-linux-arm64-gnu@11.24.2", "", { "os": "linux", "cpu": "arm64" }, "sha512-vDT3KHgzYp47gmtNOqL2VNhCyl5Zv643eyxm//A68J8DeUGXrvD1pZFiaT4jSfe+RInfnn1R2yVHye4enx6RnA=="],

    "@oxc-resolver/binding-linux-arm64-musl": ["@oxc-resolver/binding-linux-arm64-musl@11.24.2", "", { "os": "linux", "cpu": "arm64" }, "sha512-+kMlQvbzfyEYtu5FcjE4p+ttBLpKW4d/AsAsuE69BxV6V4twZJeIQZFfD8gh/wqglY0MkPSezWXQH0jBV13MUw=="],

    "@oxc-resolver/binding-linux-ppc64-gnu": ["@oxc-resolver/binding-linux-ppc64-gnu@11.24.2", "", { "os": "linux", "cpu": "ppc64" }, "sha512-shjfMhmZ3gq9fv/w7bi3PnZlgOPG+2QAOFf0BJF0EgBSIGZ6PMLN2zbGEblTUYB/NKVDRyYhE2ff3dJ1QqNPkA=="],

    "@oxc-resolver/binding-linux-riscv64-gnu": ["@oxc-resolver/binding-linux-riscv64-gnu@11.24.2", "", { "os": "linux", "cpu": "none" }, "sha512-zGelwFR5oRo+b69k8Lrzun86DyUHzfKN6cnjbR9l7Z7NIRznOE/2ZvPa1IUKqAL2PzAXOdwkfVqNvO1H2RlpAw=="],

    "@oxc-resolver/binding-linux-riscv64-musl": ["@oxc-resolver/binding-linux-riscv64-musl@11.24.2", "", { "os": "linux", "cpu": "none" }, "sha512-qxZ1SWCXJY0eyhAlP6Lmo9F2Nrtx7EkYj9oCgL8apDPCwXwCEDA2U697bbT81JIc2IrVjxO4KX6WU2N+oN9Z4w=="],

    "@oxc-resolver/binding-linux-s390x-gnu": ["@oxc-resolver/binding-linux-s390x-gnu@11.24.2", "", { "os": "linux", "cpu": "s390x" }, "sha512-sGCecF3cx2DFlH4t/z7ApnOnXqN48p5p5mlHDEnHTAukQa2P+qMVE4CwyWE9W+q/m3QJ7kKfGrIjax31f44oFQ=="],

    "@oxc-resolver/binding-linux-x64-gnu": ["@oxc-resolver/binding-linux-x64-gnu@11.24.2", "", { "os": "linux", "cpu": "x64" }, "sha512-k/VlMMcSzMlahb3/fENM4rTlsJ0s3fFROA0KXPBmKggqmTSaE383sl8F3KCOXPLmVsYfW6hCitMhXCEtNeZxxg=="],

    "@oxc-resolver/binding-linux-x64-musl": ["@oxc-resolver/binding-linux-x64-musl@11.24.2", "", { "os": "linux", "cpu": "x64" }, "sha512-8hbnZyNi97b/8wapYaIF9+t9GmZKBW2vunaOc3h9HGJptH7b7XpvZqOTBSm/MpTjr7H497BlgOaSfLUdhmy2bw=="],

    "@oxc-resolver/binding-openharmony-arm64": ["@oxc-resolver/binding-openharmony-arm64@11.24.2", "", { "os": "none", "cpu": "arm64" }, "sha512-MvyGik3a6pVgZ0t/kWlbmFxFLmXQJwgLsY2eYFHLpy0wGwRbfzeIGgDwQ3kXqE30z+kSXennRkCrT7TUvkptNg=="],

    "@oxc-resolver/binding-wasm32-wasi": ["@oxc-resolver/binding-wasm32-wasi@11.24.2", "", { "dependencies": { "@emnapi/core": "1.11.2", "@emnapi/runtime": "1.11.2", "@napi-rs/wasm-runtime": "^1.1.6" }, "cpu": "none" }, "sha512-vHcssMPwO08RTvj/c0iOBz90attxyG3wQJ0dTcyEQK43LRpcdLWZlV5feBhv6Isn6ahbQIzHbCgfa81+RiML0Q=="],

    "@oxc-resolver/binding-win32-arm64-msvc": ["@oxc-resolver/binding-win32-arm64-msvc@11.24.2", "", { "os": "win32", "cpu": "arm64" }, "sha512-uokJqro2iBqkFvJdKQLP7d8/BUmFwESQFVmIJUQKj1Xn1a/LysJoe1vmeECLF5b3jsV8CAL5sEMJXX6SdK9Nhg=="],

    "@oxc-resolver/binding-win32-x64-msvc": ["@oxc-resolver/binding-win32-x64-msvc@11.24.2", "", { "os": "win32", "cpu": "x64" }, "sha512-UqGPmo56KDfLlfXFAFIrNflHT8tFxWGEivWg3Zeyp4Uy2NlKN1FGPr6/BxcLGG3+kZ6Wp14g5Uj+n71boqZfiw=="],

    "@tybys/wasm-util": ["@tybys/wasm-util@0.10.4", "", { "dependencies": { "tslib": "^2.4.0" } }, "sha512-W3c4gRigFS0T/Ma4qIYF3GDAc5AQdHb1yL5znJT1Zv1YaD9Kitx656wBjvr19qbiosmZT8lWDM5BEMynUqX65A=="],

    "@types/bun": ["@types/bun@1.4.2", "", { "dependencies": { "bun-types": "1.4.2" } }, "sha512-GimotNn7+ZV0uVArItBbriZsR1oNf0+WTzPkdcFrzShI7k2norL0uzEaJT8T33dWr7O/c9ZDuAFQrctKCi72oQ=="],

    "@types/node": ["@types/node@26.6.2", "", { "dependencies": { "undici-types": "~8.9.0" } }, "sha512-X1P21scMv4zGKLYqjdGjaKa7COa0RKVYYZZN/NfvLQ1JegxFhdhpZG/Lyn8AXx6CDUavKAd11v6BvfpkDByK8g=="],

    "bun-types": ["bun-types@1.4.2", "", { "dependencies": { "@types/node": "*" } }, "sha512-bxV1FgK7yBIzjRe5zBozIM4Bem11ZJcCXSrjWRG3YWLt8yFDePu4cLjpebO8OvPeIE9trbyPF4fuj3Cia4Fj3w=="],

    "oxc-parser": ["oxc-parser@0.151.0", "", { "dependencies": { "@oxc-project/types": "^0.151.0" }, "optionalDependencies": { "@oxc-parser/binding-android-arm-eabi": "0.151.0", "@oxc-parser/binding-android-arm64": "0.151.0", "@oxc-parser/binding-darwin-arm64": "0.151.0", "@oxc-parser/binding-darwin-x64": "0.151.0", "@oxc-parser/binding-freebsd-x64": "0.151.0", "@oxc-parser/binding-linux-arm-gnueabihf": "0.151.0", "@oxc-parser/binding-linux-arm-musleabihf": "0.151.0", "@oxc-parser/binding-linux-arm64-gnu": "0.151.0", "@oxc-parser/binding-linux-arm64-musl": "0.151.0", "@oxc-parser/binding-linux-ppc64-gnu": "0.151.0", "@oxc-parser/binding-linux-riscv64-gnu": "0.151.0", "@oxc-parser/binding-linux-riscv64-musl": "0.151.0", "@oxc-parser/binding-linux-s390x-gnu": "0.151.0", "@oxc-parser/binding-linux-x64-gnu": "0.151.0", "@oxc-parser/binding-linux-x64-musl": "0.151.0", "@oxc-parser/binding-openharmony-arm64": "0.151.0", "@oxc-parser/binding-win32-arm64-msvc": "0.151.0", "@oxc-parser/binding-win32-ia32-msvc": "0.151.0", "@oxc-parser/binding-win32-x64-msvc": "0.151.0" } }, "sha512-cX++XpBDCtSe52KKH3rhbh6xIRidYPpyB2reI3azD4l+Y0ci4JZiUgVXyM/r9rrMnYZf9gdWi+9fvFl1wol7nA=="],

    "oxc-resolver": ["oxc-resolver@11.24.2", "", { "optionalDependencies": { "@oxc-resolver/binding-android-arm-eabi": "11.24.2", "@oxc-resolver/binding-android-arm64": "11.24.2", "@oxc-resolver/binding-darwin-arm64": "11.24.2", "@oxc-resolver/binding-darwin-x64": "11.24.2", "@oxc-resolver/binding-freebsd-x64": "11.24.2", "@oxc-resolver/binding-linux-arm-gnueabihf": "11.24.2", "@oxc-resolver/binding-linux-arm-musleabihf": "11.24.2", "@oxc-resolver/binding-linux-arm64-gnu": "11.24.2", "@oxc-resolver/binding-linux-arm64-musl": "11.24.2", "@oxc-resolver/binding-linux-ppc64-gnu": "11.24.2", "@oxc-resolver/binding-linux-riscv64-gnu": "11.24.2", "@oxc-resolver/binding-linux-riscv64-musl": "11.24.2", "@oxc-resolver/binding-linux-s390x-gnu": "11.24.2", "@oxc-resolver/binding-linux-x64-gnu": "11.24.2", "@oxc-resolver/binding-linux-x64-musl": "11.24.2", "@oxc-resolver/binding-openharmony-arm64": "11.24.2", "@oxc-resolver/binding-wasm32-wasi": "11.24.2", "@oxc-resolver/binding-win32-arm64-msvc": "11.24.2", "@oxc-resolver/binding-win32-x64-msvc": "11.24.2" } }, "sha512-FY91FiDBj7ls5MsFS9jN3tjz2o0/zsdSsymlakySaBwVJZorHhkWyICLZMKxlu1R9vYo+sd3z1jwb4J8x7bNDw=="],

    "tslib": ["tslib@2.8.1", "", {}, "sha512-oJFu94HQb+KVduSUQL7wnpmqnfmLsOA/nAh6b6EH0wCEoK0/mPeXU6c3wKDV83MkOuHPRHtSXKKU99IBazS/2w=="],

    "typescript": ["typescript@6.0.2", "", { "bin": { "tsc": "bin/tsc", "tsserver": "bin/tsserver" } }, "sha512-bGdAIrZ0wiGDo5l8c++HWtbaNCWTS4UTv7RaTH/ThVIgjkveJt83m74bBHMJkuCbslY8ixgLBVZJIOiQlQTjfQ=="],

    "undici-types": ["undici-types@8.9.0", "", {}, "sha512-KTDyRTYX8sWmKXAikPHHSyc63CRPETMctyjKFupcC6OBLXT3xsN0e9aF7m+mIXutFWpUXuedtowG7iLOzp0kQg=="],
  }
}
